
Microsoft Visual Studio Solution File, Format Version 12.00
# Visual Studio 15
VisualStudioVersion = 15.0.28010.2016
MinimumVisualStudioVersion = 10.0.40219.1
Project("{FAE04EC0-301F-11D3-BF4B-00C04F79EFBC}") = "DesignPattern", "DesignPattern\DesignPattern.csproj", "{9229BA4B-6022-425A-96C2-F06603343757}"
EndProject
Global
	GlobalSection(SolutionConfigurationPlatforms) = preSolution
		Debug|Any CPU = Debug|Any CPU
		Release|Any CPU = Release|Any CPU
	EndGlobalSection
	GlobalSection(ProjectConfigurationPlatforms) = postSolution
		{9229BA4B-6022-425A-96C2-F06603343757}.Debug|Any CPU.ActiveCfg = Debug|Any CPU
		{9229BA4B-6022-425A-96C2-F06603343757}.Debug|Any CPU.Build.0 = Debug|Any CPU
		{9229BA4B-6022-425A-96C2-F06603343757}.Release|Any CPU.ActiveCfg = Release|Any CPU
		{9229BA4B-6022-425A-96C2-F06603343757}.Release|Any CPU.Build.0 = Release|Any CPU
	EndGlobalSection
	GlobalSection(SolutionProperties) = preSolution
		HideSolutionNode = FALSE
	EndGlobalSection
	GlobalSection(ExtensibilityGlobals) = postSolution
		SolutionGuid = {0D468C5B-512F-480E-A853-2680C33145AD}
	EndGlobalSection
EndGlobal
